
Microsoft Visual Studio Solution File, Format Version 12.00
# Visual Studio Version 17
VisualStudioVersion = 17.10.35122.118
MinimumVisualStudioVersion = 10.0.40219.1
Project("{FAE04EC0-301F-11D3-BF4B-00C04F79EFBC}") = "NoteAPI", "NoteAPI\NoteAPI.csproj", "{20E3A95E-F4D0-4177-9EC3-22E4CBC6F059}"
EndProject
Global
	GlobalSection(SolutionConfigurationPlatforms) = preSolution
		Debug|Any CPU = Debug|Any CPU
		Release|Any CPU = Release|Any CPU
	EndGlobalSection
	GlobalSection(ProjectConfigurationPlatforms) = postSolution
		{20E3A95E-F4D0-4177-9EC3-22E4CBC6F059}.Debug|Any CPU.ActiveCfg = Debug|Any CPU
		{20E3A95E-F4D0-4177-9EC3-22E4CBC6F059}.Debug|Any CPU.Build.0 = Debug|Any CPU
		{20E3A95E-F4D0-4177-9EC3-22E4CBC6F059}.Release|Any CPU.ActiveCfg = Release|Any CPU
		{20E3A95E-F4D0-4177-9EC3-22E4CBC6F059}.Release|Any CPU.Build.0 = Release|Any CPU
	EndGlobalSection
	GlobalSection(SolutionProperties) = preSolution
		HideSolutionNode = FALSE
	EndGlobalSection
	GlobalSection(ExtensibilityGlobals) = postSolution
		SolutionGuid = {EC98E658-575E-41CB-B33C-1B8C5CFC203D}
	EndGlobalSection
EndGlobal
